
Microsoft Visual Studio Solution File, Format Version 12.00
# Visual Studio Version 18
VisualStudioVersion = 18.1.11312.151
MinimumVisualStudioVersion = 10.0.40219.1
Project("{2150E333-8FDC-42A3-9474-1A3956D46DE8}") = "src", "src", "{02EA681E-C7D8-13C7-8484-4AC65E1B71E8}"
EndProject
Project("{2150E333-8FDC-42A3-9474-1A3956D46DE8}") = "teste", "teste", "{3575C6F7-69CA-4C20-B3B8-82C0F4EB356B}"
EndProject
Project("{FAE04EC0-301F-11D3-BF4B-00C04F79EFBC}") = "SME.NovaSondagem.Aplicacao.Teste", "teste\SME.NovaSondagem.Aplicacao.Teste\SME.NovaSondagem.Aplicacao.Teste.csproj", "{F939F802-C845-47AC-86F0-24A6398360E3}"
EndProject
Project("{FAE04EC0-301F-11D3-BF4B-00C04F79EFBC}") = "SME.NovaSondagem.Dados.Teste", "teste\SME.NovaSondagem.Dados.Teste\SME.NovaSondagem.Dados.Teste.csproj", "{0F836FE3-85E8-45FA-9A2A-E1C1840A8A09}"
EndProject
Project("{FAE04EC0-301F-11D3-BF4B-00C04F79EFBC}") = "SME.NovaSondagem.Dominio.Teste", "teste\SME.NovaSondagem.Dominio.Teste\SME.NovaSondagem.Dominio.Teste.csproj", "{2A2EA908-A0D2-46A3-8716-61744C2D539F}"
EndProject
Project("{FAE04EC0-301F-11D3-BF4B-00C04F79EFBC}") = "SME.NovaSondagem.Infra.Teste", "teste\SME.NovaSondagem.Infra.Teste\SME.NovaSondagem.Infra.Teste.csproj", "{24ADF89D-3434-4977-AA19-478DB98622AD}"
EndProject
Project("{FAE04EC0-301F-11D3-BF4B-00C04F79EFBC}") = "SME.NovaSondagem.IoC.Teste", "teste\SME.NovaSondagem.IoC.Teste\SME.NovaSondagem.IoC.Teste.csproj", "{65B7ADC7-50A4-41A4-BA59-BEB106202FD8}"
EndProject
Project("{FAE04EC0-301F-11D3-BF4B-00C04F79EFBC}") = "SME.NovaSondagem.Worker.Teste", "teste\SME.NovaSondagem.Worker.Teste\SME.NovaSondagem.Worker.Teste.csproj", "{7CBF7D2B-12C3-467A-B1E6-6E76DE0283C4}"
EndProject
Project("{FAE04EC0-301F-11D3-BF4B-00C04F79EFBC}") = "SME.NovaSondagem.Aplicacao", "src\SME.NovaSondagem.Aplicacao\SME.NovaSondagem.Aplicacao.csproj", "{1BCB4D6D-4133-105A-E668-6491A2A50183}"
EndProject
Project("{FAE04EC0-301F-11D3-BF4B-00C04F79EFBC}") = "SME.NovaSondagem.Dados", "src\SME.NovaSondagem.Dados\SME.NovaSondagem.Dados.csproj", "{CE5DE9CB-A09C-3C3D-A513-E4385DA03E24}"
EndProject
Project("{FAE04EC0-301F-11D3-BF4B-00C04F79EFBC}") = "SME.NovaSondagem.Dominio", "src\SME.NovaSondagem.Dominio\SME.NovaSondagem.Dominio.csproj", "{516370A5-CCDE-E7F5-2C15-1D3E3607ADAA}"
EndProject
Project("{FAE04EC0-301F-11D3-BF4B-00C04F79EFBC}") = "SME.NovaSondagem.Infra", "src\SME.NovaSondagem.Infra\SME.NovaSondagem.Infra.csproj", "{3481CB77-7F9F-35DF-56FD-F640CAF3C8BD}"
EndProject
Project("{FAE04EC0-301F-11D3-BF4B-00C04F79EFBC}") = "SME.NovaSondagem.IoC", "src\SME.NovaSondagem.IoC\SME.NovaSondagem.IoC.csproj", "{B0869601-46FA-BB9B-2A08-EA845837AAD0}"
EndProject
Project("{FAE04EC0-301F-11D3-BF4B-00C04F79EFBC}") = "SME.NovaSondagem.Worker", "src\SME.NovaSondagem.Worker\SME.NovaSondagem.Worker.csproj", "{EC42F5C7-4202-7DEF-767A-8333834726BA}"
EndProject
Global
	GlobalSection(SolutionConfigurationPlatforms) = preSolution
		Debug|Any CPU = Debug|Any CPU
		Release|Any CPU = Release|Any CPU
	EndGlobalSection
	GlobalSection(ProjectConfigurationPlatforms) = postSolution
		{F939F802-C845-47AC-86F0-24A6398360E3}.Debug|Any CPU.ActiveCfg = Debug|Any CPU
		{F939F802-C845-47AC-86F0-24A6398360E3}.Debug|Any CPU.Build.0 = Debug|Any CPU
		{F939F802-C845-47AC-86F0-24A6398360E3}.Release|Any CPU.ActiveCfg = Release|Any CPU
		{F939F802-C845-47AC-86F0-24A6398360E3}.Release|Any CPU.Build.0 = Release|Any CPU
		{0F836FE3-85E8-45FA-9A2A-E1C1840A8A09}.Debug|Any CPU.ActiveCfg = Debug|Any CPU
		{0F836FE3-85E8-45FA-9A2A-E1C1840A8A09}.Debug|Any CPU.Build.0 = Debug|Any CPU
		{0F836FE3-85E8-45FA-9A2A-E1C1840A8A09}.Release|Any CPU.ActiveCfg = Release|Any CPU
		{0F836FE3-85E8-45FA-9A2A-E1C1840A8A09}.Release|Any CPU.Build.0 = Release|Any CPU
		{2A2EA908-A0D2-46A3-8716-61744C2D539F}.Debug|Any CPU.ActiveCfg = Debug|Any CPU
		{2A2EA908-A0D2-46A3-8716-61744C2D539F}.Debug|Any CPU.Build.0 = Debug|Any CPU
		{2A2EA908-A0D2-46A3-8716-61744C2D539F}.Release|Any CPU.ActiveCfg = Release|Any CPU
		{2A2EA908-A0D2-46A3-8716-61744C2D539F}.Release|Any CPU.Build.0 = Release|Any CPU
		{24ADF89D-3434-4977-AA19-478DB98622AD}.Debug|Any CPU.ActiveCfg = Debug|Any CPU
		{24ADF89D-3434-4977-AA19-478DB98622AD}.Debug|Any CPU.Build.0 = Debug|Any CPU
		{24ADF89D-3434-4977-AA19-478DB98622AD}.Release|Any CPU.ActiveCfg = Release|Any CPU
		{24ADF89D-3434-4977-AA19-478DB98622AD}.Release|Any CPU.Build.0 = Release|Any CPU
		{65B7ADC7-50A4-41A4-BA59-BEB106202FD8}.Debug|Any CPU.ActiveCfg = Debug|Any CPU
		{65B7ADC7-50A4-41A4-BA59-BEB106202FD8}.Debug|Any CPU.Build.0 = Debug|Any CPU
		{65B7ADC7-50A4-41A4-BA59-BEB106202FD8}.Release|Any CPU.ActiveCfg = Release|Any CPU
		{65B7ADC7-50A4-41A4-BA59-BEB106202FD8}.Release|Any CPU.Build.0 = Release|Any CPU
		{7CBF7D2B-12C3-467A-B1E6-6E76DE0283C4}.Debug|Any CPU.ActiveCfg = Debug|Any CPU
		{7CBF7D2B-12C3-467A-B1E6-6E76DE0283C4}.Debug|Any CPU.Build.0 = Debug|Any CPU
		{7CBF7D2B-12C3-467A-B1E6-6E76DE0283C4}.Release|Any CPU.ActiveCfg = Release|Any CPU
		{7CBF7D2B-12C3-467A-B1E6-6E76DE0283C4}.Release|Any CPU.Build.0 = Release|Any CPU
		{1BCB4D6D-4133-105A-E668-6491A2A50183}.Debug|Any CPU.ActiveCfg = Debug|Any CPU
		{1BCB4D6D-4133-105A-E668-6491A2A50183}.Debug|Any CPU.Build.0 = Debug|Any CPU
		{1BCB4D6D-4133-105A-E668-6491A2A50183}.Release|Any CPU.ActiveCfg = Release|Any CPU
		{1BCB4D6D-4133-105A-E668-6491A2A50183}.Release|Any CPU.Build.0 = Release|Any CPU
		{CE5DE9CB-A09C-3C3D-A513-E4385DA03E24}.Debug|Any CPU.ActiveCfg = Debug|Any CPU
		{CE5DE9CB-A09C-3C3D-A513-E4385DA03E24}.Debug|Any CPU.Build.0 = Debug|Any CPU
		{CE5DE9CB-A09C-3C3D-A513-E4385DA03E24}.Release|Any CPU.ActiveCfg = Release|Any CPU
		{CE5DE9CB-A09C-3C3D-A513-E4385DA03E24}.Release|Any CPU.Build.0 = Release|Any CPU
		{516370A5-CCDE-E7F5-2C15-1D3E3607ADAA}.Debug|Any CPU.ActiveCfg = Debug|Any CPU
		{516370A5-CCDE-E7F5-2C15-1D3E3607ADAA}.Debug|Any CPU.Build.0 = Debug|Any CPU
		{516370A5-CCDE-E7F5-2C15-1D3E3607ADAA}.Release|Any CPU.ActiveCfg = Release|Any CPU
		{516370A5-CCDE-E7F5-2C15-1D3E3607ADAA}.Release|Any CPU.Build.0 = Release|Any CPU
		{3481CB77-7F9F-35DF-56FD-F640CAF3C8BD}.Debug|Any CPU.ActiveCfg = Debug|Any CPU
		{3481CB77-7F9F-35DF-56FD-F640CAF3C8BD}.Debug|Any CPU.Build.0 = Debug|Any CPU
		{3481CB77-7F9F-35DF-56FD-F640CAF3C8BD}.Release|Any CPU.ActiveCfg = Release|Any CPU
		{3481CB77-7F9F-35DF-56FD-F640CAF3C8BD}.Release|Any CPU.Build.0 = Release|Any CPU
		{B0869601-46FA-BB9B-2A08-EA845837AAD0}.Debug|Any CPU.ActiveCfg = Debug|Any CPU
		{B0869601-46FA-BB9B-2A08-EA845837AAD0}.Debug|Any CPU.Build.0 = Debug|Any CPU
		{B0869601-46FA-BB9B-2A08-EA845837AAD0}.Release|Any CPU.ActiveCfg = Release|Any CPU
		{B0869601-46FA-BB9B-2A08-EA845837AAD0}.Release|Any CPU.Build.0 = Release|Any CPU
		{EC42F5C7-4202-7DEF-767A-8333834726BA}.Debug|Any CPU.ActiveCfg = Debug|Any CPU
		{EC42F5C7-4202-7DEF-767A-8333834726BA}.Debug|Any CPU.Build.0 = Debug|Any CPU
		{EC42F5C7-4202-7DEF-767A-8333834726BA}.Release|Any CPU.ActiveCfg = Release|Any CPU
		{EC42F5C7-4202-7DEF-767A-8333834726BA}.Release|Any CPU.Build.0 = Release|Any CPU
	EndGlobalSection
	GlobalSection(SolutionProperties) = preSolution
		HideSolutionNode = FALSE
	EndGlobalSection
	GlobalSection(NestedProjects) = preSolution
		{F939F802-C845-47AC-86F0-24A6398360E3} = {3575C6F7-69CA-4C20-B3B8-82C0F4EB356B}
		{0F836FE3-85E8-45FA-9A2A-E1C1840A8A09} = {3575C6F7-69CA-4C20-B3B8-82C0F4EB356B}
		{2A2EA908-A0D2-46A3-8716-61744C2D539F} = {3575C6F7-69CA-4C20-B3B8-82C0F4EB356B}
		{24ADF89D-3434-4977-AA19-478DB98622AD} = {3575C6F7-69CA-4C20-B3B8-82C0F4EB356B}
		{65B7ADC7-50A4-41A4-BA59-BEB106202FD8} = {3575C6F7-69CA-4C20-B3B8-82C0F4EB356B}
		{7CBF7D2B-12C3-467A-B1E6-6E76DE0283C4} = {3575C6F7-69CA-4C20-B3B8-82C0F4EB356B}
		{1BCB4D6D-4133-105A-E668-6491A2A50183} = {02EA681E-C7D8-13C7-8484-4AC65E1B71E8}
		{CE5DE9CB-A09C-3C3D-A513-E4385DA03E24} = {02EA681E-C7D8-13C7-8484-4AC65E1B71E8}
		{516370A5-CCDE-E7F5-2C15-1D3E3607ADAA} = {02EA681E-C7D8-13C7-8484-4AC65E1B71E8}
		{3481CB77-7F9F-35DF-56FD-F640CAF3C8BD} = {02EA681E-C7D8-13C7-8484-4AC65E1B71E8}
		{B0869601-46FA-BB9B-2A08-EA845837AAD0} = {02EA681E-C7D8-13C7-8484-4AC65E1B71E8}
		{EC42F5C7-4202-7DEF-767A-8333834726BA} = {02EA681E-C7D8-13C7-8484-4AC65E1B71E8}
	EndGlobalSection
	GlobalSection(ExtensibilityGlobals) = postSolution
		SolutionGuid = {00F8CF4E-347F-41E6-8623-F86E4D85029F}
	EndGlobalSection
EndGlobal
